
Microsoft Visual Studio Solution File, Format Version 12.00
# Visual Studio Version 17
VisualStudioVersion = 17.9.34714.143
MinimumVisualStudioVersion = 10.0.40219.1
Project("{9A19103F-16F7-4668-BE54-9A1E7A4F7556}") = "AdoDotNetEFProject.DAL", "StoreDemoAdoNet.DAL\AdoDotNetEFProject.DAL.csproj", "{295C791C-D0C5-4C75-A2C5-17A2CEE1A57C}"
EndProject
Project("{9A19103F-16F7-4668-BE54-9A1E7A4F7556}") = "AdoDotNetEFProject.DAL.Test", "StoreDemoAdoNet.DAL.Test\AdoDotNetEFProject.DAL.Test.csproj", "{8A26AFBC-94C0-48FF-91FF-2C6F03C71C6F}"
EndProject
Project("{9A19103F-16F7-4668-BE54-9A1E7A4F7556}") = "AdoDotNetEFProject.BLL", "StoreDemoAdoNet.BLL\AdoDotNetEFProject.BLL.csproj", "{E17EC807-D317-4F6D-92B0-6B6430603911}"
EndProject
Project("{9A19103F-16F7-4668-BE54-9A1E7A4F7556}") = "AdoDotNetEFProject.WPF", "StoreDemoAdoNet.WPF\AdoDotNetEFProject.WPF.csproj", "{CA061A57-7D43-4398-ADDA-9E6455B43991}"
EndProject
Project("{FAE04EC0-301F-11D3-BF4B-00C04F79EFBC}") = "AdoDotNetEntityFrameworkProject1", "AdoDotNetEntityFrameworkProject1\AdoDotNetEntityFrameworkProject1.csproj", "{323E549D-2DE5-4C0B-9CD1-3F865F4F72E1}"
EndProject
Global
	GlobalSection(SolutionConfigurationPlatforms) = preSolution
		Debug|Any CPU = Debug|Any CPU
		Release|Any CPU = Release|Any CPU
	EndGlobalSection
	GlobalSection(ProjectConfigurationPlatforms) = postSolution
		{295C791C-D0C5-4C75-A2C5-17A2CEE1A57C}.Debug|Any CPU.ActiveCfg = Debug|Any CPU
		{295C791C-D0C5-4C75-A2C5-17A2CEE1A57C}.Debug|Any CPU.Build.0 = Debug|Any CPU
		{295C791C-D0C5-4C75-A2C5-17A2CEE1A57C}.Release|Any CPU.ActiveCfg = Release|Any CPU
		{295C791C-D0C5-4C75-A2C5-17A2CEE1A57C}.Release|Any CPU.Build.0 = Release|Any CPU
		{8A26AFBC-94C0-48FF-91FF-2C6F03C71C6F}.Debug|Any CPU.ActiveCfg = Debug|Any CPU
		{8A26AFBC-94C0-48FF-91FF-2C6F03C71C6F}.Debug|Any CPU.Build.0 = Debug|Any CPU
		{8A26AFBC-94C0-48FF-91FF-2C6F03C71C6F}.Release|Any CPU.ActiveCfg = Release|Any CPU
		{8A26AFBC-94C0-48FF-91FF-2C6F03C71C6F}.Release|Any CPU.Build.0 = Release|Any CPU
		{E17EC807-D317-4F6D-92B0-6B6430603911}.Debug|Any CPU.ActiveCfg = Debug|Any CPU
		{E17EC807-D317-4F6D-92B0-6B6430603911}.Debug|Any CPU.Build.0 = Debug|Any CPU
		{E17EC807-D317-4F6D-92B0-6B6430603911}.Release|Any CPU.ActiveCfg = Release|Any CPU
		{E17EC807-D317-4F6D-92B0-6B6430603911}.Release|Any CPU.Build.0 = Release|Any CPU
		{CA061A57-7D43-4398-ADDA-9E6455B43991}.Debug|Any CPU.ActiveCfg = Debug|Any CPU
		{CA061A57-7D43-4398-ADDA-9E6455B43991}.Debug|Any CPU.Build.0 = Debug|Any CPU
		{CA061A57-7D43-4398-ADDA-9E6455B43991}.Release|Any CPU.ActiveCfg = Release|Any CPU
		{CA061A57-7D43-4398-ADDA-9E6455B43991}.Release|Any CPU.Build.0 = Release|Any CPU
		{323E549D-2DE5-4C0B-9CD1-3F865F4F72E1}.Debug|Any CPU.ActiveCfg = Debug|Any CPU
		{323E549D-2DE5-4C0B-9CD1-3F865F4F72E1}.Debug|Any CPU.Build.0 = Debug|Any CPU
		{323E549D-2DE5-4C0B-9CD1-3F865F4F72E1}.Release|Any CPU.ActiveCfg = Release|Any CPU
		{323E549D-2DE5-4C0B-9CD1-3F865F4F72E1}.Release|Any CPU.Build.0 = Release|Any CPU
	EndGlobalSection
	GlobalSection(SolutionProperties) = preSolution
		HideSolutionNode = FALSE
	EndGlobalSection
	GlobalSection(ExtensibilityGlobals) = postSolution
		SolutionGuid = {4BCEB0FE-9DC3-4236-83A4-70F135D4177D}
	EndGlobalSection
EndGlobal
